gioui.org v0.0.0-20190930150022-6bc5ff247938 h1:V13kL8G+RP2/Bj8VF/asHQuIjBBbyqDDGxzbBIisM6g=
gioui.org v0.0.0-20190930150022-6bc5ff247938/go.mod h1:+CEjc9B//HrBfWsQOVxjCyih7HGIj3Pww1xFHVDZyyk=
gioui.org/ui v0.0.0-20190926171558-ce74bc0cbaea h1:rv21Wx1Inf27NY453rrrP6tuEG65PyWPhnP2Jx+Qb8k=
gioui.org/ui v0.0.0-20190926171558-ce74bc0cbaea/go.mod h1:PssKPKlqVIeyaed+0w492Xc2NgX5M3n6oZKOAj5rxoE=
golang.org/x/image v0.0.0-20190703141733-d6a02ce849c9 h1:uc17S921SPw5F2gJo7slQ3aqvr2RwpL7eb3+DZncu3s=
golang.org/x/image v0.0.0-20190703141733-d6a02ce849c9/go.mod h1:FeLwcggjj3mMvU+oOTbSwawSJRM1uh48EjtB4UJZlP0=
golang.org/x/sys v0.0.0-20190813064441-fde4db37ae7a h1:aYOabOQFp6Vj6W1F80affTUvO9UxmJRx8K0gsfABByQ=
golang.org/x/sys v0.0.0-20190813064441-fde4db37ae7a/go.mod h1:h1NjWce9XRLGQEsW7wpKNCjG9DtNlClVuFLEZdDNbEs=
golang.org/x/text v0.3.0/go.mod h1:NqM8EUOU14njkJ3fqMW+pc6Ldnwhi/IjpwHt7yyuwOQ=
